{
    "_readme": [
        "This file locks the dependencies of your project to a known state",
        "Read more about it at https://getcomposer.org/doc/01-basic-usage.md#installing-dependencies",
        "This file is @generated automatically"
    ],
    "content-hash": "89c3760120e19f9cad7696b1e6b0653e",
    "packages": [
        {
            "name": "ivanlulyf/bunnyphp",
            "version": "3.1.0",
            "source": {
                "type": "git",
                "url": "https://github.com/IvanLuLyf/BunnyPHP.git",
                "reference": "079758fe84c4b4493d57d392b0f85d80dbe6f6c0"
            },
            "dist": {
                "type": "zip",
                "url": "https://api.github.com/repos/IvanLuLyf/BunnyPHP/zipball/079758fe84c4b4493d57d392b0f85d80dbe6f6c0",
                "reference": "079758fe84c4b4493d57d392b0f85d80dbe6f6c0",
                "shasum": ""
            },
            "require": {
                "ext-json": "*",
                "ext-mbstring": "*",
                "ext-pdo": "*",
                "php": "^7.4|^8.0"
            },
            "type": "library",
            "autoload": {
                "psr-4": {
                    "BunnyPHP\\": "BunnyPHP/"
                }
            },
            "notification-url": "https://packagist.org/downloads/",
            "license": [
                "MIT"
            ],
            "authors": [
                {
                    "name": "Ivan Lu",
                    "email": "me@ivanlu.cn"
                }
            ],
            "description": "a lightweight PHP MVC Framework",
            "homepage": "https://ivanlulyf.github.io/BunnyPHP",
            "keywords": [
                "framework",
                "mvc"
            ],
            "support": {
                "docs": "https://ivanlulyf.github.io/BunnyPHP",
                "forum": "https://github.com/IvanLuLyf/BunnyPHP/discussions",
                "issues": "https://github.com/IvanLuLyf/BunnyPHP/issues",
                "source": "https://github.com/IvanLuLyf/BunnyPHP"
            },
            "time": "2021-11-04T15:38:02+00:00"
        },
        {
            "name": "joyqi/hyper-down",
            "version": "2.4.27",
            "source": {
                "type": "git",
                "url": "https://github.com/SegmentFault/HyperDown.git",
                "reference": "a8024055032d2b935b2521fddb1c5564a85b7dac"
            },
            "dist": {
                "type": "zip",
                "url": "https://api.github.com/repos/SegmentFault/HyperDown/zipball/a8024055032d2b935b2521fddb1c5564a85b7dac",
                "reference": "a8024055032d2b935b2521fddb1c5564a85b7dac",
                "shasum": ""
            },
            "require": {
                "ext-mbstring": "*",
                "php": ">=7.1.0"
            },
            "type": "library",
            "autoload": {
                "psr-4": {
                    "HyperDown\\": "./"
                }
            },
            "notification-url": "https://packagist.org/downloads/",
            "license": [
                "BSD-4-Clause"
            ],
            "authors": [
                {
                    "name": "joyqi",
                    "email": "joyqi@segmentfault.com"
                }
            ],
            "description": "A light weight markdown parser library",
            "keywords": [
                "hyperdown",
                "markdown",
                "segmentfault"
            ],
            "support": {
                "issues": "https://github.com/SegmentFault/HyperDown/issues",
                "source": "https://github.com/SegmentFault/HyperDown/tree/2.4.27"
            },
            "time": "2021-08-08T04:33:34+00:00"
        }
    ],
    "packages-dev": [],
    "aliases": [],
    "minimum-stability": "stable",
    "stability-flags": [],
    "prefer-stable": false,
    "prefer-lowest": false,
    "platform": {
        "ext-json": "*",
        "ext-pdo": "*"
    },
    "platform-dev": [],
    "plugin-api-version": "2.1.0"
}
